{
	"name": "p5play-template",
	"version": "1.1.9",
	"lockfileVersion": 3,
	"requires": true,
	"packages": {
		"": {
			"name": "p5play-template",
			"version": "1.1.9",
			"license": "CC0",
			"dependencies": {
				"p5": "^1.9.2",
				"p5play": "^3.21.4",
				"q5": "^1.9.16"
			},
			"devDependencies": {
				"@types/p5": "^1.7.6"
			}
		},
		"node_modules/@types/p5": {
			"version": "1.7.6",
			"resolved": "https://registry.npmjs.org/@types/p5/-/p5-1.7.6.tgz",
			"integrity": "sha512-6pLTOo0V3N5jZb5nTwjiv3lPHLK3Z/TjbhQUj8CTWXocUk1Z/f6OHTp3Pcwi1BhWnf5gqKUcyEb1gP0KIJuQgw==",
			"dev": true
		},
		"node_modules/p5": {
			"version": "1.9.2",
			"resolved": "https://registry.npmjs.org/p5/-/p5-1.9.2.tgz",
			"integrity": "sha512-fV8Td9Q1qlYXRXPLNrclRsgzXxPp/EuDlJUteV1XEtsy0JwjjCVteCrv7TTCU71BSoEtmuQ/51BIVRUJi/0gEw=="
		},
		"node_modules/p5play": {
			"version": "3.21.4",
			"resolved": "https://registry.npmjs.org/p5play/-/p5play-3.21.4.tgz",
			"integrity": "sha512-EudUPMRLM1vv+m9Ghzeu4dX/BdpttdPXsv/QExZTDxQptTk3aVfvJUukoavHpmvgb0H5t/4+Ibx0BGRyBIgscA==",
			"funding": [
				{
					"type": "patreon",
					"url": "https://www.patreon.com/p5play"
				},
				{
					"type": "github",
					"url": "https://github.com/sponsors/quinton-ashley"
				}
			]
		},
		"node_modules/q5": {
			"version": "1.9.16",
			"resolved": "https://registry.npmjs.org/q5/-/q5-1.9.16.tgz",
			"integrity": "sha512-kgJcUHOrvZX9cuzN2jZ6VtQy29QlLRaSzjH3xAWbzSZY/O8EtT3Mrcz7OGoWa4P4Zx14UHLbKE6R3Ad3l7iZGQ=="
		}
	}
}
